
Microsoft Visual Studio Solution File, Format Version 12.00
# Visual Studio Version 16
VisualStudioVersion = 16.0.32802.440
MinimumVisualStudioVersion = 10.0.40219.1
Project("{FAE04EC0-301F-11D3-BF4B-00C04F79EFBC}") = "RobbsShoppingCart", "RobbsShoppingCart\RobbsShoppingCart.csproj", "{A661C11C-6A86-4658-B6F6-C4E7C2A56122}"
EndProject
Global
	GlobalSection(SolutionConfigurationPlatforms) = preSolution
		Debug|Any CPU = Debug|Any CPU
		Release|Any CPU = Release|Any CPU
	EndGlobalSection
	GlobalSection(ProjectConfigurationPlatforms) = postSolution
		{A661C11C-6A86-4658-B6F6-C4E7C2A56122}.Debug|Any CPU.ActiveCfg = Debug|Any CPU
		{A661C11C-6A86-4658-B6F6-C4E7C2A56122}.Debug|Any CPU.Build.0 = Debug|Any CPU
		{A661C11C-6A86-4658-B6F6-C4E7C2A56122}.Release|Any CPU.ActiveCfg = Release|Any CPU
		{A661C11C-6A86-4658-B6F6-C4E7C2A56122}.Release|Any CPU.Build.0 = Release|Any CPU
	EndGlobalSection
	GlobalSection(SolutionProperties) = preSolution
		HideSolutionNode = FALSE
	EndGlobalSection
	GlobalSection(ExtensibilityGlobals) = postSolution
		SolutionGuid = {92EE0D74-207E-4428-99C6-3FADFB8173B7}
	EndGlobalSection
EndGlobal
